
Microsoft Visual Studio Solution File, Format Version 12.00
# Visual Studio Version 16
VisualStudioVersion = 16.0.31213.239
MinimumVisualStudioVersion = 10.0.40219.1
Project("{9A19103F-16F7-4668-BE54-9A1E7A4F7556}") = "efpostgres", "efpostgres\efpostgres.csproj", "{CD2A8552-4050-482E-9A25-8483A7B7D895}"
EndProject
Global
	GlobalSection(SolutionConfigurationPlatforms) = preSolution
		Debug|Any CPU = Debug|Any CPU
		Release|Any CPU = Release|Any CPU
	EndGlobalSection
	GlobalSection(ProjectConfigurationPlatforms) = postSolution
		{CD2A8552-4050-482E-9A25-8483A7B7D895}.Debug|Any CPU.ActiveCfg = Debug|Any CPU
		{CD2A8552-4050-482E-9A25-8483A7B7D895}.Debug|Any CPU.Build.0 = Debug|Any CPU
		{CD2A8552-4050-482E-9A25-8483A7B7D895}.Release|Any CPU.ActiveCfg = Release|Any CPU
		{CD2A8552-4050-482E-9A25-8483A7B7D895}.Release|Any CPU.Build.0 = Release|Any CPU
	EndGlobalSection
	GlobalSection(SolutionProperties) = preSolution
		HideSolutionNode = FALSE
	EndGlobalSection
	GlobalSection(ExtensibilityGlobals) = postSolution
		SolutionGuid = {633FCB80-C17E-48A6-9D1E-049B00344FE3}
	EndGlobalSection
EndGlobal
